// !$*UTF8*$!
{
	archiveVersion = 1;
	classes = {
	};
	objectVersion = 50;
	objects = {

/* Begin PBXBuildFile section */
		B4497E2D26135D18002A1A04 /* AppDelegate.swift in Sources */ = {isa = PBXBuildFile; fileRef = B4497E2C26135D18002A1A04 /* AppDelegate.swift */; };
		B4497E2F26135D18002A1A04 /* SceneDelegate.swift in Sources */ = {isa = PBXBuildFile; fileRef = B4497E2E26135D18002A1A04 /* SceneDelegate.swift */; };
		B4497E3426135D18002A1A04 /* Main.storyboard in Resources */ = {isa = PBXBuildFile; fileRef = B4497E3226135D18002A1A04 /* Main.storyboard */; };
		B4497E3626135D1A002A1A04 /* Assets.xcassets in Resources */ = {isa = PBXBuildFile; fileRef = B4497E3526135D1A002A1A04 /* Assets.xcassets */; };
		B4497E3926135D1A002A1A04 /* LaunchScreen.storyboard in Resources */ = {isa = PBXBuildFile; fileRef = B4497E3726135D1A002A1A04 /* LaunchScreen.storyboard */; };
		B4497E4426135D1B002A1A04 /* TableView_SampleTests.swift in Sources */ = {isa = PBXBuildFile; fileRef = B4497E4326135D1B002A1A04 /* TableView_SampleTests.swift */; };
		B4497E4F26135D1B002A1A04 /* TableView_SampleUITests.swift in Sources */ = {isa = PBXBuildFile; fileRef = B4497E4E26135D1B002A1A04 /* TableView_SampleUITests.swift */; };
		B4497E6426135D95002A1A04 /* TableViewController.swift in Sources */ = {isa = PBXBuildFile; fileRef = B4497E6326135D95002A1A04 /* TableViewController.swift */; };
		B4497E7326135E24002A1A04 /* TableViewCell.swift in Sources */ = {isa = PBXBuildFile; fileRef = B4497E7126135E24002A1A04 /* TableViewCell.swift */; };
		B4497E7426135E24002A1A04 /* TableViewCell.xib in Resources */ = {isa = PBXBuildFile; fileRef = B4497E7226135E24002A1A04 /* TableViewCell.xib */; };
		B4497E7C26135E79002A1A04 /* SampleAPI.swift in Sources */ = {isa = PBXBuildFile; fileRef = B4497E7B26135E79002A1A04 /* SampleAPI.swift */; };
		B4497E8126135FEE002A1A04 /* UserModel.swift in Sources */ = {isa = PBXBuildFile; fileRef = B4497E8026135FEE002A1A04 /* UserModel.swift */; };
/* End PBXBuildFile section */

/* Begin PBXContainerItemProxy section */
		B4497E4026135D1B002A1A04 /* PBXContainerItemProxy */ = {
			isa = PBXContainerItemProxy;
			containerPortal = B4497E2126135D18002A1A04 /* Project object */;
			proxyType = 1;
			remoteGlobalIDString = B4497E2826135D18002A1A04;
			remoteInfo = "TableView-Sample";
		};
		B4497E4B26135D1B002A1A04 /* PBXContainerItemProxy */ = {
			isa = PBXContainerItemProxy;
			containerPortal = B4497E2126135D18002A1A04 /* Project object */;
			proxyType = 1;
			remoteGlobalIDString = B4497E2826135D18002A1A04;
			remoteInfo = "TableView-Sample";
		};
/* End PBXContainerItemProxy section */

/* Begin PBXFileReference section */
		B4497E2926135D18002A1A04 /* TableView-Sample.app */ = {isa = PBXFileReference; explicitFileType = wrapper.application; includeInIndex = 0; path = "TableView-Sample.app"; sourceTree = BUILT_PRODUCTS_DIR; };
		B4497E2C26135D18002A1A04 /* AppDelegate.swift */ = {isa = PBXFileReference; lastKnownFileType = sourcecode.swift; path = AppDelegate.swift; sourceTree = "<group>"; };
		B4497E2E26135D18002A1A04 /* SceneDelegate.swift */ = {isa = PBXFileReference; lastKnownFileType = sourcecode.swift; path = SceneDelegate.swift; sourceTree = "<group>"; };
		B4497E3326135D18002A1A04 /* Base */ = {isa = PBXFileReference; lastKnownFileType = file.storyboard; name = Base; path = Base.lproj/Main.storyboard; sourceTree = "<group>"; };
		B4497E3526135D1A002A1A04 /* Assets.xcassets */ = {isa = PBXFileReference; lastKnownFileType = folder.assetcatalog; path = Assets.xcassets; sourceTree = "<group>"; };
		B4497E3826135D1A002A1A04 /* Base */ = {isa = PBXFileReference; lastKnownFileType = file.storyboard; name = Base; path = Base.lproj/LaunchScreen.storyboard; sourceTree = "<group>"; };
		B4497E3A26135D1A002A1A04 /* Info.plist */ = {isa = PBXFileReference; lastKnownFileType = text.plist.xml; path = Info.plist; sourceTree = "<group>"; };
		B4497E3F26135D1B002A1A04 /* TableView-SampleTests.xctest */ = {isa = PBXFileReference; explicitFileType = wrapper.cfbundle; includeInIndex = 0; path = "TableView-SampleTests.xctest"; sourceTree = BUILT_PRODUCTS_DIR; };
		B4497E4326135D1B002A1A04 /* TableView_SampleTests.swift */ = {isa = PBXFileReference; lastKnownFileType = sourcecode.swift; path = TableView_SampleTests.swift; sourceTree = "<group>"; };
		B4497E4526135D1B002A1A04 /* Info.plist */ = {isa = PBXFileReference; lastKnownFileType = text.plist.xml; path = Info.plist; sourceTree = "<group>"; };
		B4497E4A26135D1B002A1A04 /* TableView-SampleUITests.xctest */ = {isa = PBXFileReference; explicitFileType = wrapper.cfbundle; includeInIndex = 0; path = "TableView-SampleUITests.xctest"; sourceTree = BUILT_PRODUCTS_DIR; };
		B4497E4E26135D1B002A1A04 /* TableView_SampleUITests.swift */ = {isa = PBXFileReference; lastKnownFileType = sourcecode.swift; path = TableView_SampleUITests.swift; sourceTree = "<group>"; };
		B4497E5026135D1B002A1A04 /* Info.plist */ = {isa = PBXFileReference; lastKnownFileType = text.plist.xml; path = Info.plist; sourceTree = "<group>"; };
		B4497E6326135D95002A1A04 /* TableViewController.swift */ = {isa = PBXFileReference; lastKnownFileType = sourcecode.swift; path = TableViewController.swift; sourceTree = "<group>"; };
		B4497E7126135E24002A1A04 /* TableViewCell.swift */ = {isa = PBXFileReference; lastKnownFileType = sourcecode.swift; path = TableViewCell.swift; sourceTree = "<group>"; };
		B4497E7226135E24002A1A04 /* TableViewCell.xib */ = {isa = PBXFileReference; lastKnownFileType = file.xib; path = TableViewCell.xib; sourceTree = "<group>"; };
		B4497E7B26135E79002A1A04 /* SampleAPI.swift */ = {isa = PBXFileReference; lastKnownFileType = sourcecode.swift; path = SampleAPI.swift; sourceTree = "<group>"; };
		B4497E8026135FEE002A1A04 /* UserModel.swift */ = {isa = PBXFileReference; lastKnownFileType = sourcecode.swift; path = UserModel.swift; sourceTree = "<group>"; };
/* End PBXFileReference section */

/* Begin PBXFrameworksBuildPhase section */
		B4497E2626135D18002A1A04 /* Frameworks */ = {
			isa = PBXFrameworksBuildPhase;
			buildActionMask = 2147483647;
			files = (
			);
			runOnlyForDeploymentPostprocessing = 0;
		};
		B4497E3C26135D1B002A1A04 /* Frameworks */ = {
			isa = PBXFrameworksBuildPhase;
			buildActionMask = 2147483647;
			files = (
			);
			runOnlyForDeploymentPostprocessing = 0;
		};
		B4497E4726135D1B002A1A04 /* Frameworks */ = {
			isa = PBXFrameworksBuildPhase;
			buildActionMask = 2147483647;
			files = (
			);
			runOnlyForDeploymentPostprocessing = 0;
		};
/* End PBXFrameworksBuildPhase section */

/* Begin PBXGroup section */
		B4497E2026135D18002A1A04 = {
			isa = PBXGroup;
			children = (
				B4497E2B26135D18002A1A04 /* TableView-Sample */,
				B4497E4226135D1B002A1A04 /* TableView-SampleTests */,
				B4497E4D26135D1B002A1A04 /* TableView-SampleUITests */,
				B4497E2A26135D18002A1A04 /* Products */,
			);
			sourceTree = "<group>";
		};
		B4497E2A26135D18002A1A04 /* Products */ = {
			isa = PBXGroup;
			children = (
				B4497E2926135D18002A1A04 /* TableView-Sample.app */,
				B4497E3F26135D1B002A1A04 /* TableView-SampleTests.xctest */,
				B4497E4A26135D1B002A1A04 /* TableView-SampleUITests.xctest */,
			);
			name = Products;
			sourceTree = "<group>";
		};
		B4497E2B26135D18002A1A04 /* TableView-Sample */ = {
			isa = PBXGroup;
			children = (
				B4497E7026135DEC002A1A04 /* Util */,
				B4497E6F26135DDE002A1A04 /* Model */,
				B4497E6E26135DD0002A1A04 /* View */,
				B4497E6226135D69002A1A04 /* ViewController */,
				B4497E2C26135D18002A1A04 /* AppDelegate.swift */,
				B4497E2E26135D18002A1A04 /* SceneDelegate.swift */,
				B4497E3226135D18002A1A04 /* Main.storyboard */,
				B4497E3726135D1A002A1A04 /* LaunchScreen.storyboard */,
				B4497E3A26135D1A002A1A04 /* Info.plist */,
			);
			path = "TableView-Sample";
			sourceTree = "<group>";
		};
		B4497E4226135D1B002A1A04 /* TableView-SampleTests */ = {
			isa = PBXGroup;
			children = (
				B4497E4326135D1B002A1A04 /* TableView_SampleTests.swift */,
				B4497E4526135D1B002A1A04 /* Info.plist */,
			);
			path = "TableView-SampleTests";
			sourceTree = "<group>";
		};
		B4497E4D26135D1B002A1A04 /* TableView-SampleUITests */ = {
			isa = PBXGroup;
			children = (
				B4497E4E26135D1B002A1A04 /* TableView_SampleUITests.swift */,
				B4497E5026135D1B002A1A04 /* Info.plist */,
			);
			path = "TableView-SampleUITests";
			sourceTree = "<group>";
		};
		B4497E6226135D69002A1A04 /* ViewController */ = {
			isa = PBXGroup;
			children = (
				B4497E3526135D1A002A1A04 /* Assets.xcassets */,
				B4497E6326135D95002A1A04 /* TableViewController.swift */,
			);
			path = ViewController;
			sourceTree = "<group>";
		};
		B4497E6E26135DD0002A1A04 /* View */ = {
			isa = PBXGroup;
			children = (
				B4497E7126135E24002A1A04 /* TableViewCell.swift */,
				B4497E7226135E24002A1A04 /* TableViewCell.xib */,
			);
			path = View;
			sourceTree = "<group>";
		};
		B4497E6F26135DDE002A1A04 /* Model */ = {
			isa = PBXGroup;
			children = (
				B4497E8026135FEE002A1A04 /* UserModel.swift */,
			);
			path = Model;
			sourceTree = "<group>";
		};
		B4497E7026135DEC002A1A04 /* Util */ = {
			isa = PBXGroup;
			children = (
				B4497E7B26135E79002A1A04 /* SampleAPI.swift */,
			);
			path = Util;
			sourceTree = "<group>";
		};
/* End PBXGroup section */

/* Begin PBXNativeTarget section */
		B4497E2826135D18002A1A04 /* TableView-Sample */ = {
			isa = PBXNativeTarget;
			buildConfigurationList = B4497E5326135D1B002A1A04 /* Build configuration list for PBXNativeTarget "TableView-Sample" */;
			buildPhases = (
				B4497E2526135D18002A1A04 /* Sources */,
				B4497E2626135D18002A1A04 /* Frameworks */,
				B4497E2726135D18002A1A04 /* Resources */,
			);
			buildRules = (
			);
			dependencies = (
			);
			name = "TableView-Sample";
			productName = "TableView-Sample";
			productReference = B4497E2926135D18002A1A04 /* TableView-Sample.app */;
			productType = "com.apple.product-type.application";
		};
		B4497E3E26135D1B002A1A04 /* TableView-SampleTests */ = {
			isa = PBXNativeTarget;
			buildConfigurationList = B4497E5626135D1B002A1A04 /* Build configuration list for PBXNativeTarget "TableView-SampleTests" */;
			buildPhases = (
				B4497E3B26135D1B002A1A04 /* Sources */,
				B4497E3C26135D1B002A1A04 /* Frameworks */,
				B4497E3D26135D1B002A1A04 /* Resources */,
			);
			buildRules = (
			);
			dependencies = (
				B4497E4126135D1B002A1A04 /* PBXTargetDependency */,
			);
			name = "TableView-SampleTests";
			productName = "TableView-SampleTests";
			productReference = B4497E3F26135D1B002A1A04 /* TableView-SampleTests.xctest */;
			productType = "com.apple.product-type.bundle.unit-test";
		};
		B4497E4926135D1B002A1A04 /* TableView-SampleUITests */ = {
			isa = PBXNativeTarget;
			buildConfigurationList = B4497E5926135D1B002A1A04 /* Build configuration list for PBXNativeTarget "TableView-SampleUITests" */;
			buildPhases = (
				B4497E4626135D1B002A1A04 /* Sources */,
				B4497E4726135D1B002A1A04 /* Frameworks */,
				B4497E4826135D1B002A1A04 /* Resources */,
			);
			buildRules = (
			);
			dependencies = (
				B4497E4C26135D1B002A1A04 /* PBXTargetDependency */,
			);
			name = "TableView-SampleUITests";
			productName = "TableView-SampleUITests";
			productReference = B4497E4A26135D1B002A1A04 /* TableView-SampleUITests.xctest */;
			productType = "com.apple.product-type.bundle.ui-testing";
		};
/* End PBXNativeTarget section */

/* Begin PBXProject section */
		B4497E2126135D18002A1A04 /* Project object */ = {
			isa = PBXProject;
			attributes = {
				LastSwiftUpdateCheck = 1240;
				LastUpgradeCheck = 1240;
				TargetAttributes = {
					B4497E2826135D18002A1A04 = {
						CreatedOnToolsVersion = 12.4;
					};
					B4497E3E26135D1B002A1A04 = {
						CreatedOnToolsVersion = 12.4;
						TestTargetID = B4497E2826135D18002A1A04;
					};
					B4497E4926135D1B002A1A04 = {
						CreatedOnToolsVersion = 12.4;
						TestTargetID = B4497E2826135D18002A1A04;
					};
				};
			};
			buildConfigurationList = B4497E2426135D18002A1A04 /* Build configuration list for PBXProject "TableView-Sample" */;
			compatibilityVersion = "Xcode 9.3";
			developmentRegion = en;
			hasScannedForEncodings = 0;
			knownRegions = (
				en,
				Base,
			);
			mainGroup = B4497E2026135D18002A1A04;
			productRefGroup = B4497E2A26135D18002A1A04 /* Products */;
			projectDirPath = "";
			projectRoot = "";
			targets = (
				B4497E2826135D18002A1A04 /* TableView-Sample */,
				B4497E3E26135D1B002A1A04 /* TableView-SampleTests */,
				B4497E4926135D1B002A1A04 /* TableView-SampleUITests */,
			);
		};
/* End PBXProject section */

/* Begin PBXResourcesBuildPhase section */
		B4497E2726135D18002A1A04 /* Resources */ = {
			isa = PBXResourcesBuildPhase;
			buildActionMask = 2147483647;
			files = (
				B4497E3926135D1A002A1A04 /* LaunchScreen.storyboard in Resources */,
				B4497E7426135E24002A1A04 /* TableViewCell.xib in Resources */,
				B4497E3626135D1A002A1A04 /* Assets.xcassets in Resources */,
				B4497E3426135D18002A1A04 /* Main.storyboard in Resources */,
			);
			runOnlyForDeploymentPostprocessing = 0;
		};
		B4497E3D26135D1B002A1A04 /* Resources */ = {
			isa = PBXResourcesBuildPhase;
			buildActionMask = 2147483647;
			files = (
			);
			runOnlyForDeploymentPostprocessing = 0;
		};
		B4497E4826135D1B002A1A04 /* Resources */ = {
			isa = PBXResourcesBuildPhase;
			buildActionMask = 2147483647;
			files = (
			);
			runOnlyForDeploymentPostprocessing = 0;
		};
/* End PBXResourcesBuildPhase section */

/* Begin PBXSourcesBuildPhase section */
		B4497E2526135D18002A1A04 /* Sources */ = {
			isa = PBXSourcesBuildPhase;
			buildActionMask = 2147483647;
			files = (
				B4497E7C26135E79002A1A04 /* SampleAPI.swift in Sources */,
				B4497E2D26135D18002A1A04 /* AppDelegate.swift in Sources */,
				B4497E7326135E24002A1A04 /* TableViewCell.swift in Sources */,
				B4497E6426135D95002A1A04 /* TableViewController.swift in Sources */,
				B4497E8126135FEE002A1A04 /* UserModel.swift in Sources */,
				B4497E2F26135D18002A1A04 /* SceneDelegate.swift in Sources */,
			);
			runOnlyForDeploymentPostprocessing = 0;
		};
		B4497E3B26135D1B002A1A04 /* Sources */ = {
			isa = PBXSourcesBuildPhase;
			buildActionMask = 2147483647;
			files = (
				B4497E4426135D1B002A1A04 /* TableView_SampleTests.swift in Sources */,
			);
			runOnlyForDeploymentPostprocessing = 0;
		};
		B4497E4626135D1B002A1A04 /* Sources */ = {
			isa = PBXSourcesBuildPhase;
			buildActionMask = 2147483647;
			files = (
				B4497E4F26135D1B002A1A04 /* TableView_SampleUITests.swift in Sources */,
			);
			runOnlyForDeploymentPostprocessing = 0;
		};
/* End PBXSourcesBuildPhase section */

/* Begin PBXTargetDependency section */
		B4497E4126135D1B002A1A04 /* PBXTargetDependency */ = {
			isa = PBXTargetDependency;
			target = B4497E2826135D18002A1A04 /* TableView-Sample */;
			targetProxy = B4497E4026135D1B002A1A04 /* PBXContainerItemProxy */;
		};
		B4497E4C26135D1B002A1A04 /* PBXTargetDependency */ = {
			isa = PBXTargetDependency;
			target = B4497E2826135D18002A1A04 /* TableView-Sample */;
			targetProxy = B4497E4B26135D1B002A1A04 /* PBXContainerItemProxy */;
		};
/* End PBXTargetDependency section */

/* Begin PBXVariantGroup section */
		B4497E3226135D18002A1A04 /* Main.storyboard */ = {
			isa = PBXVariantGroup;
			children = (
				B4497E3326135D18002A1A04 /* Base */,
			);
			name = Main.storyboard;
			sourceTree = "<group>";
		};
		B4497E3726135D1A002A1A04 /* LaunchScreen.storyboard */ = {
			isa = PBXVariantGroup;
			children = (
				B4497E3826135D1A002A1A04 /* Base */,
			);
			name = LaunchScreen.storyboard;
			sourceTree = "<group>";
		};
/* End PBXVariantGroup section */

/* Begin XCBuildConfiguration section */
		B4497E5126135D1B002A1A04 /* Debug */ = {
			isa = XCBuildConfiguration;
			buildSettings = {
				ALWAYS_SEARCH_USER_PATHS = NO;
				CLANG_ANALYZER_NONNULL = YES;
				CLANG_ANALYZER_NUMBER_OBJECT_CONVERSION = YES_AGGRESSIVE;
				CLANG_CXX_LANGUAGE_STANDARD = "gnu++14";
				CLANG_CXX_LIBRARY = "libc++";
				CLANG_ENABLE_MODULES = YES;
				CLANG_ENABLE_OBJC_ARC = YES;
				CLANG_ENABLE_OBJC_WEAK = YES;
				CLANG_WARN_BLOCK_CAPTURE_AUTORELEASING = YES;
				CLANG_WARN_BOOL_CONVERSION = YES;
				CLANG_WARN_COMMA = YES;
				CLANG_WARN_CONSTANT_CONVERSION = YES;
				CLANG_WARN_DEPRECATED_OBJC_IMPLEMENTATIONS = YES;
				CLANG_WARN_DIRECT_OBJC_ISA_USAGE = YES_ERROR;
				CLANG_WARN_DOCUMENTATION_COMMENTS = YES;
				CLANG_WARN_EMPTY_BODY = YES;
				CLANG_WARN_ENUM_CONVERSION = YES;
				CLANG_WARN_INFINITE_RECURSION = YES;
				CLANG_WARN_INT_CONVERSION = YES;
				CLANG_WARN_NON_LITERAL_NULL_CONVERSION = YES;
				CLANG_WARN_OBJC_IMPLICIT_RETAIN_SELF = YES;
				CLANG_WARN_OBJC_LITERAL_CONVERSION = YES;
				CLANG_WARN_OBJC_ROOT_CLASS = YES_ERROR;
				CLANG_WARN_QUOTED_INCLUDE_IN_FRAMEWORK_HEADER = YES;
				CLANG_WARN_RANGE_LOOP_ANALYSIS = YES;
				CLANG_WARN_STRICT_PROTOTYPES = YES;
				CLANG_WARN_SUSPICIOUS_MOVE = YES;
				CLANG_WARN_UNGUARDED_AVAILABILITY = YES_AGGRESSIVE;
				CLANG_WARN_UNREACHABLE_CODE = YES;
				CLANG_WARN__DUPLICATE_METHOD_MATCH = YES;
				COPY_PHASE_STRIP = NO;
				DEBUG_INFORMATION_FORMAT = dwarf;
				ENABLE_STRICT_OBJC_MSGSEND = YES;
				ENABLE_TESTABILITY = YES;
				GCC_C_LANGUAGE_STANDARD = gnu11;
				GCC_DYNAMIC_NO_PIC = NO;
				GCC_NO_COMMON_BLOCKS = YES;
				GCC_OPTIMIZATION_LEVEL = 0;
				GCC_PREPROCESSOR_DEFINITIONS = (
					"DEBUG=1",
					"$(inherited)",
				);
				GCC_WARN_64_TO_32_BIT_CONVERSION = YES;
				GCC_WARN_ABOUT_RETURN_TYPE = YES_ERROR;
				GCC_WARN_UNDECLARED_SELECTOR = YES;
				GCC_WARN_UNINITIALIZED_AUTOS = YES_AGGRESSIVE;
				GCC_WARN_UNUSED_FUNCTION = YES;
				GCC_WARN_UNUSED_VARIABLE = YES;
				IPHONEOS_DEPLOYMENT_TARGET = 14.4;
				MTL_ENABLE_DEBUG_INFO = INCLUDE_SOURCE;
				MTL_FAST_MATH = YES;
				ONLY_ACTIVE_ARCH = YES;
				SDKROOT = iphoneos;
				SWIFT_ACTIVE_COMPILATION_CONDITIONS = DEBUG;
				SWIFT_OPTIMIZATION_LEVEL = "-Onone";
			};
			name = Debug;
		};
		B4497E5226135D1B002A1A04 /* Release */ = {
			isa = XCBuildConfiguration;
			buildSettings = {
				ALWAYS_SEARCH_USER_PATHS = NO;
				CLANG_ANALYZER_NONNULL = YES;
				CLANG_ANALYZER_NUMBER_OBJECT_CONVERSION = YES_AGGRESSIVE;
				CLANG_CXX_LANGUAGE_STANDARD = "gnu++14";
				CLANG_CXX_LIBRARY = "libc++";
				CLANG_ENABLE_MODULES = YES;
				CLANG_ENABLE_OBJC_ARC = YES;
				CLANG_ENABLE_OBJC_WEAK = YES;
				CLANG_WARN_BLOCK_CAPTURE_AUTORELEASING = YES;
				CLANG_WARN_BOOL_CONVERSION = YES;
				CLANG_WARN_COMMA = YES;
				CLANG_WARN_CONSTANT_CONVERSION = YES;
				CLANG_WARN_DEPRECATED_OBJC_IMPLEMENTATIONS = YES;
				CLANG_WARN_DIRECT_OBJC_ISA_USAGE = YES_ERROR;
				CLANG_WARN_DOCUMENTATION_COMMENTS = YES;
				CLANG_WARN_EMPTY_BODY = YES;
				CLANG_WARN_ENUM_CONVERSION = YES;
				CLANG_WARN_INFINITE_RECURSION = YES;
				CLANG_WARN_INT_CONVERSION = YES;
				CLANG_WARN_NON_LITERAL_NULL_CONVERSION = YES;
				CLANG_WARN_OBJC_IMPLICIT_RETAIN_SELF = YES;
				CLANG_WARN_OBJC_LITERAL_CONVERSION = YES;
				CLANG_WARN_OBJC_ROOT_CLASS = YES_ERROR;
				CLANG_WARN_QUOTED_INCLUDE_IN_FRAMEWORK_HEADER = YES;
				CLANG_WARN_RANGE_LOOP_ANALYSIS = YES;
				CLANG_WARN_STRICT_PROTOTYPES = YES;
				CLANG_WARN_SUSPICIOUS_MOVE = YES;
				CLANG_WARN_UNGUARDED_AVAILABILITY = YES_AGGRESSIVE;
				CLANG_WARN_UNREACHABLE_CODE = YES;
				CLANG_WARN__DUPLICATE_METHOD_MATCH = YES;
				COPY_PHASE_STRIP = NO;
				DEBUG_INFORMATION_FORMAT = "dwarf-with-dsym";
				ENABLE_NS_ASSERTIONS = NO;
				ENABLE_STRICT_OBJC_MSGSEND = YES;
				GCC_C_LANGUAGE_STANDARD = gnu11;
				GCC_NO_COMMON_BLOCKS = YES;
				GCC_WARN_64_TO_32_BIT_CONVERSION = YES;
				GCC_WARN_ABOUT_RETURN_TYPE = YES_ERROR;
				GCC_WARN_UNDECLARED_SELECTOR = YES;
				GCC_WARN_UNINITIALIZED_AUTOS = YES_AGGRESSIVE;
				GCC_WARN_UNUSED_FUNCTION = YES;
				GCC_WARN_UNUSED_VARIABLE = YES;
				IPHONEOS_DEPLOYMENT_TARGET = 14.4;
				MTL_ENABLE_DEBUG_INFO = NO;
				MTL_FAST_MATH = YES;
				SDKROOT = iphoneos;
				SWIFT_COMPILATION_MODE = wholemodule;
				SWIFT_OPTIMIZATION_LEVEL = "-O";
				VALIDATE_PRODUCT = YES;
			};
			name = Release;
		};
		B4497E5426135D1B002A1A04 /* Debug */ = {
			isa = XCBuildConfiguration;
			buildSettings = {
				ASSETCATALOG_COMPILER_APPICON_NAME = AppIcon;
				ASSETCATALOG_COMPILER_GLOBAL_ACCENT_COLOR_NAME = AccentColor;
				CODE_SIGN_STYLE = Automatic;
				INFOPLIST_FILE = "TableView-Sample/Info.plist";
				LD_RUNPATH_SEARCH_PATHS = (
					"$(inherited)",
					"@executable_path/Frameworks",
				);
				PRODUCT_BUNDLE_IDENTIFIER = "swift-beginner.TableView-Sample";
				PRODUCT_NAME = "$(TARGET_NAME)";
				SWIFT_VERSION = 5.0;
				TARGETED_DEVICE_FAMILY = "1,2";
			};
			name = Debug;
		};
		B4497E5526135D1B002A1A04 /* Release */ = {
			isa = XCBuildConfiguration;
			buildSettings = {
				ASSETCATALOG_COMPILER_APPICON_NAME = AppIcon;
				ASSETCATALOG_COMPILER_GLOBAL_ACCENT_COLOR_NAME = AccentColor;
				CODE_SIGN_STYLE = Automatic;
				INFOPLIST_FILE = "TableView-Sample/Info.plist";
				LD_RUNPATH_SEARCH_PATHS = (
					"$(inherited)",
					"@executable_path/Frameworks",
				);
				PRODUCT_BUNDLE_IDENTIFIER = "swift-beginner.TableView-Sample";
				PRODUCT_NAME = "$(TARGET_NAME)";
				SWIFT_VERSION = 5.0;
				TARGETED_DEVICE_FAMILY = "1,2";
			};
			name = Release;
		};
		B4497E5726135D1B002A1A04 /* Debug */ = {
			isa = XCBuildConfiguration;
			buildSettings = {
				ALWAYS_EMBED_SWIFT_STANDARD_LIBRARIES = YES;
				BUNDLE_LOADER = "$(TEST_HOST)";
				CODE_SIGN_STYLE = Automatic;
				INFOPLIST_FILE = "TableView-SampleTests/Info.plist";
				IPHONEOS_DEPLOYMENT_TARGET = 14.4;
				LD_RUNPATH_SEARCH_PATHS = (
					"$(inherited)",
					"@executable_path/Frameworks",
					"@loader_path/Frameworks",
				);
				PRODUCT_BUNDLE_IDENTIFIER = "swift-beginner.TableView-SampleTests";
				PRODUCT_NAME = "$(TARGET_NAME)";
				SWIFT_VERSION = 5.0;
				TARGETED_DEVICE_FAMILY = "1,2";
				TEST_HOST = "$(BUILT_PRODUCTS_DIR)/TableView-Sample.app/TableView-Sample";
			};
			name = Debug;
		};
		B4497E5826135D1B002A1A04 /* Release */ = {
			isa = XCBuildConfiguration;
			buildSettings = {
				ALWAYS_EMBED_SWIFT_STANDARD_LIBRARIES = YES;
				BUNDLE_LOADER = "$(TEST_HOST)";
				CODE_SIGN_STYLE = Automatic;
				INFOPLIST_FILE = "TableView-SampleTests/Info.plist";
				IPHONEOS_DEPLOYMENT_TARGET = 14.4;
				LD_RUNPATH_SEARCH_PATHS = (
					"$(inherited)",
					"@executable_path/Frameworks",
					"@loader_path/Frameworks",
				);
				PRODUCT_BUNDLE_IDENTIFIER = "swift-beginner.TableView-SampleTests";
				PRODUCT_NAME = "$(TARGET_NAME)";
				SWIFT_VERSION = 5.0;
				TARGETED_DEVICE_FAMILY = "1,2";
				TEST_HOST = "$(BUILT_PRODUCTS_DIR)/TableView-Sample.app/TableView-Sample";
			};
			name = Release;
		};
		B4497E5A26135D1B002A1A04 /* Debug */ = {
			isa = XCBuildConfiguration;
			buildSettings = {
				ALWAYS_EMBED_SWIFT_STANDARD_LIBRARIES = YES;
				CODE_SIGN_STYLE = Automatic;
				INFOPLIST_FILE = "TableView-SampleUITests/Info.plist";
				LD_RUNPATH_SEARCH_PATHS = (
					"$(inherited)",
					"@executable_path/Frameworks",
					"@loader_path/Frameworks",
				);
				PRODUCT_BUNDLE_IDENTIFIER = "swift-beginner.TableView-SampleUITests";
				PRODUCT_NAME = "$(TARGET_NAME)";
				SWIFT_VERSION = 5.0;
				TARGETED_DEVICE_FAMILY = "1,2";
				TEST_TARGET_NAME = "TableView-Sample";
			};
			name = Debug;
		};
		B4497E5B26135D1B002A1A04 /* Release */ = {
			isa = XCBuildConfiguration;
			buildSettings = {
				ALWAYS_EMBED_SWIFT_STANDARD_LIBRARIES = YES;
				CODE_SIGN_STYLE = Automatic;
				INFOPLIST_FILE = "TableView-SampleUITests/Info.plist";
				LD_RUNPATH_SEARCH_PATHS = (
					"$(inherited)",
					"@executable_path/Frameworks",
					"@loader_path/Frameworks",
				);
				PRODUCT_BUNDLE_IDENTIFIER = "swift-beginner.TableView-SampleUITests";
				PRODUCT_NAME = "$(TARGET_NAME)";
				SWIFT_VERSION = 5.0;
				TARGETED_DEVICE_FAMILY = "1,2";
				TEST_TARGET_NAME = "TableView-Sample";
			};
			name = Release;
		};
/* End XCBuildConfiguration section */

/* Begin XCConfigurationList section */
		B4497E2426135D18002A1A04 /* Build configuration list for PBXProject "TableView-Sample" */ = {
			isa = XCConfigurationList;
			buildConfigurations = (
				B4497E5126135D1B002A1A04 /* Debug */,
				B4497E5226135D1B002A1A04 /* Release */,
			);
			defaultConfigurationIsVisible = 0;
			defaultConfigurationName = Release;
		};
		B4497E5326135D1B002A1A04 /* Build configuration list for PBXNativeTarget "TableView-Sample" */ = {
			isa = XCConfigurationList;
			buildConfigurations = (
				B4497E5426135D1B002A1A04 /* Debug */,
				B4497E5526135D1B002A1A04 /* Release */,
			);
			defaultConfigurationIsVisible = 0;
			defaultConfigurationName = Release;
		};
		B4497E5626135D1B002A1A04 /* Build configuration list for PBXNativeTarget "TableView-SampleTests" */ = {
			isa = XCConfigurationList;
			buildConfigurations = (
				B4497E5726135D1B002A1A04 /* Debug */,
				B4497E5826135D1B002A1A04 /* Release */,
			);
			defaultConfigurationIsVisible = 0;
			defaultConfigurationName = Release;
		};
		B4497E5926135D1B002A1A04 /* Build configuration list for PBXNativeTarget "TableView-SampleUITests" */ = {
			isa = XCConfigurationList;
			buildConfigurations = (
				B4497E5A26135D1B002A1A04 /* Debug */,
				B4497E5B26135D1B002A1A04 /* Release */,
			);
			defaultConfigurationIsVisible = 0;
			defaultConfigurationName = Release;
		};
/* End XCConfigurationList section */
	};
	rootObject = B4497E2126135D18002A1A04 /* Project object */;
}
